# This file is autogenerated, do not edit; changes may be undone by the next 'dep ensure'.


[[projects]]
  branch = "master"
  name = "github.com/golang/glog"
  packages = ["."]
  revision = "23def4e6c14b4da8ac2ed8007337bc5eb5007998"

[[projects]]
  branch = "master"
  name = "github.com/kidoman/embd"
  packages = [".","host/generic","host/rpi"]
  revision = "d3d8c0c5c68dc6caccebb7d720f36e64bafd0a62"

[[projects]]
  branch = "master"
  name = "github.com/taiyoh/go-embd-bme280"
  packages = ["."]
  revision = "69088e336b66ed33800f15a8578e81fccc41a4c2"

[solve-meta]
  analyzer-name = "dep"
  analyzer-version = 1
  inputs-digest = "4ee48d29de65273d507bf6b0d4d7725a9f45880ab1f92c98ef46ba5d523f0241"
  solver-name = "gps-cdcl"
  solver-version = 1
